
Microsoft Visual Studio Solution File, Format Version 12.00
# Visual Studio 15
VisualStudioVersion = 15.0.27130.2027
MinimumVisualStudioVersion = 10.0.40219.1
Project("{FAE04EC0-301F-11D3-BF4B-00C04F79EFBC}") = "Aerodrom", "Aerodrom\Aerodrom.csproj", "{53E0FD68-03A0-4FB4-A0FD-5A80D7AA9E8F}"
EndProject
Global
	GlobalSection(SolutionConfigurationPlatforms) = preSolution
		Debug|Any CPU = Debug|Any CPU
		Release|Any CPU = Release|Any CPU
	EndGlobalSection
	GlobalSection(ProjectConfigurationPlatforms) = postSolution
		{53E0FD68-03A0-4FB4-A0FD-5A80D7AA9E8F}.Debug|Any CPU.ActiveCfg = Debug|Any CPU
		{53E0FD68-03A0-4FB4-A0FD-5A80D7AA9E8F}.Debug|Any CPU.Build.0 = Debug|Any CPU
		{53E0FD68-03A0-4FB4-A0FD-5A80D7AA9E8F}.Release|Any CPU.ActiveCfg = Release|Any CPU
		{53E0FD68-03A0-4FB4-A0FD-5A80D7AA9E8F}.Release|Any CPU.Build.0 = Release|Any CPU
	EndGlobalSection
	GlobalSection(SolutionProperties) = preSolution
		HideSolutionNode = FALSE
	EndGlobalSection
	GlobalSection(ExtensibilityGlobals) = postSolution
		SolutionGuid = {6E19CD8D-F5C8-4561-BDC4-2F37C4A3CEDD}
	EndGlobalSection
EndGlobal
